
Microsoft Visual Studio Solution File, Format Version 12.00
# Visual Studio 15
VisualStudioVersion = 15.0.27703.2000
MinimumVisualStudioVersion = 10.0.40219.1
Project("{FAE04EC0-301F-11D3-BF4B-00C04F79EFBC}") = "IdentityServerCenter", "IdentityServerCenter\IdentityServerCenter.csproj", "{4B2151A1-AFCE-460B-8862-EB0D0F7949D6}"
EndProject
Project("{FAE04EC0-301F-11D3-BF4B-00C04F79EFBC}") = "Api", "Api\Api.csproj", "{3367C1CC-FB62-4771-945F-BE00185E23FB}"
EndProject
Global
	GlobalSection(SolutionConfigurationPlatforms) = preSolution
		Debug|Any CPU = Debug|Any CPU
		Release|Any CPU = Release|Any CPU
	EndGlobalSection
	GlobalSection(ProjectConfigurationPlatforms) = postSolution
		{4B2151A1-AFCE-460B-8862-EB0D0F7949D6}.Debug|Any CPU.ActiveCfg = Debug|Any CPU
		{4B2151A1-AFCE-460B-8862-EB0D0F7949D6}.Debug|Any CPU.Build.0 = Debug|Any CPU
		{4B2151A1-AFCE-460B-8862-EB0D0F7949D6}.Release|Any CPU.ActiveCfg = Release|Any CPU
		{4B2151A1-AFCE-460B-8862-EB0D0F7949D6}.Release|Any CPU.Build.0 = Release|Any CPU
		{3367C1CC-FB62-4771-945F-BE00185E23FB}.Debug|Any CPU.ActiveCfg = Debug|Any CPU
		{3367C1CC-FB62-4771-945F-BE00185E23FB}.Debug|Any CPU.Build.0 = Debug|Any CPU
		{3367C1CC-FB62-4771-945F-BE00185E23FB}.Release|Any CPU.ActiveCfg = Release|Any CPU
		{3367C1CC-FB62-4771-945F-BE00185E23FB}.Release|Any CPU.Build.0 = Release|Any CPU
	EndGlobalSection
	GlobalSection(SolutionProperties) = preSolution
		HideSolutionNode = FALSE
	EndGlobalSection
	GlobalSection(ExtensibilityGlobals) = postSolution
		SolutionGuid = {590B509A-FACF-4DEE-9240-4084046F2A7F}
	EndGlobalSection
EndGlobal
